
Microsoft Visual Studio Solution File, Format Version 12.00
# Visual Studio 15
VisualStudioVersion = 15.0.28307.1800
MinimumVisualStudioVersion = 10.0.40219.1
Project("{F184B08F-C81C-45F6-A57F-5ABD9991F28F}") = "TestInterop_paolaVB", "TestInterop_paola\TestInterop_paolaVB.vbproj", "{4894E7B2-2FEA-4903-9A6F-66611768B9B5}"
EndProject
Project("{FAE04EC0-301F-11D3-BF4B-00C04F79EFBC}") = "TestInterop_paolaCSharp", "TestInterop_paolaCSharp\TestInterop_paolaCSharp.csproj", "{4E1F1ACC-EF24-4EBC-B7C0-22CE5D075C74}"
EndProject
Global
	GlobalSection(SolutionConfigurationPlatforms) = preSolution
		Debug|Any CPU = Debug|Any CPU
		Release|Any CPU = Release|Any CPU
	EndGlobalSection
	GlobalSection(ProjectConfigurationPlatforms) = postSolution
		{4894E7B2-2FEA-4903-9A6F-66611768B9B5}.Debug|Any CPU.ActiveCfg = Debug|Any CPU
		{4894E7B2-2FEA-4903-9A6F-66611768B9B5}.Debug|Any CPU.Build.0 = Debug|Any CPU
		{4894E7B2-2FEA-4903-9A6F-66611768B9B5}.Release|Any CPU.ActiveCfg = Release|Any CPU
		{4894E7B2-2FEA-4903-9A6F-66611768B9B5}.Release|Any CPU.Build.0 = Release|Any CPU
		{4E1F1ACC-EF24-4EBC-B7C0-22CE5D075C74}.Debug|Any CPU.ActiveCfg = Debug|Any CPU
		{4E1F1ACC-EF24-4EBC-B7C0-22CE5D075C74}.Debug|Any CPU.Build.0 = Debug|Any CPU
		{4E1F1ACC-EF24-4EBC-B7C0-22CE5D075C74}.Release|Any CPU.ActiveCfg = Release|Any CPU
		{4E1F1ACC-EF24-4EBC-B7C0-22CE5D075C74}.Release|Any CPU.Build.0 = Release|Any CPU
	EndGlobalSection
	GlobalSection(SolutionProperties) = preSolution
		HideSolutionNode = FALSE
	EndGlobalSection
	GlobalSection(ExtensibilityGlobals) = postSolution
		SolutionGuid = {18D1ECC0-8B27-4F33-8D6F-BE1627DDEE60}
	EndGlobalSection
EndGlobal
